
Microsoft Visual Studio Solution File, Format Version 12.00
# Visual Studio 15
VisualStudioVersion = 15.0.27703.2047
MinimumVisualStudioVersion = 10.0.40219.1
Project("{FAE04EC0-301F-11D3-BF4B-00C04F79EFBC}") = "TernaryAndNullableValue", "TernaryAndNullableValue\TernaryAndNullableValue.csproj", "{F519C59C-F911-4EF9-9AFE-9BC9CBE07326}"
EndProject
Project("{FAE04EC0-301F-11D3-BF4B-00C04F79EFBC}") = "NullableProject", "NullableProject\NullableProject.csproj", "{AA42AF3C-911F-44A7-87F7-07A21FEF8548}"
EndProject
Project("{FAE04EC0-301F-11D3-BF4B-00C04F79EFBC}") = "NullCoalescingOperator", "NullCoalescingOperator\NullCoalescingOperator.csproj", "{4BBE890A-1DE5-4F42-8372-F58B012EA32E}"
EndProject
Global
	GlobalSection(SolutionConfigurationPlatforms) = preSolution
		Debug|Any CPU = Debug|Any CPU
		Release|Any CPU = Release|Any CPU
	EndGlobalSection
	GlobalSection(ProjectConfigurationPlatforms) = postSolution
		{F519C59C-F911-4EF9-9AFE-9BC9CBE07326}.Debug|Any CPU.ActiveCfg = Debug|Any CPU
		{F519C59C-F911-4EF9-9AFE-9BC9CBE07326}.Debug|Any CPU.Build.0 = Debug|Any CPU
		{F519C59C-F911-4EF9-9AFE-9BC9CBE07326}.Release|Any CPU.ActiveCfg = Release|Any CPU
		{F519C59C-F911-4EF9-9AFE-9BC9CBE07326}.Release|Any CPU.Build.0 = Release|Any CPU
		{AA42AF3C-911F-44A7-87F7-07A21FEF8548}.Debug|Any CPU.ActiveCfg = Debug|Any CPU
		{AA42AF3C-911F-44A7-87F7-07A21FEF8548}.Debug|Any CPU.Build.0 = Debug|Any CPU
		{AA42AF3C-911F-44A7-87F7-07A21FEF8548}.Release|Any CPU.ActiveCfg = Release|Any CPU
		{AA42AF3C-911F-44A7-87F7-07A21FEF8548}.Release|Any CPU.Build.0 = Release|Any CPU
		{4BBE890A-1DE5-4F42-8372-F58B012EA32E}.Debug|Any CPU.ActiveCfg = Debug|Any CPU
		{4BBE890A-1DE5-4F42-8372-F58B012EA32E}.Debug|Any CPU.Build.0 = Debug|Any CPU
		{4BBE890A-1DE5-4F42-8372-F58B012EA32E}.Release|Any CPU.ActiveCfg = Release|Any CPU
		{4BBE890A-1DE5-4F42-8372-F58B012EA32E}.Release|Any CPU.Build.0 = Release|Any CPU
	EndGlobalSection
	GlobalSection(SolutionProperties) = preSolution
		HideSolutionNode = FALSE
	EndGlobalSection
	GlobalSection(ExtensibilityGlobals) = postSolution
		SolutionGuid = {3E21EAF2-EA7F-40F6-9D1E-6C00C0195EA7}
	EndGlobalSection
EndGlobal
